
Microsoft Visual Studio Solution File, Format Version 10.00
# Visual Studio 2008
Project("{FAE04EC0-301F-11D3-BF4B-00C04F79EFBC}") = "BSP", "BSP\BSP.csproj", "{F275195F-D129-4681-8320-6359DEBB638D}"
EndProject
Project("{FAE04EC0-301F-11D3-BF4B-00C04F79EFBC}") = "BSP.Test", "BSP.Test\BSP.Test.csproj", "{5E0122C5-F4BC-490D-B5DB-6431AC4844F5}"
EndProject
Global
	GlobalSection(SolutionConfigurationPlatforms) = preSolution
		Debug|Any CPU = Debug|Any CPU
		Release|Any CPU = Release|Any CPU
	EndGlobalSection
	GlobalSection(ProjectConfigurationPlatforms) = postSolution
		{5E0122C5-F4BC-490D-B5DB-6431AC4844F5}.Debug|Any CPU.ActiveCfg = Debug|Any CPU
		{5E0122C5-F4BC-490D-B5DB-6431AC4844F5}.Debug|Any CPU.Build.0 = Debug|Any CPU
		{5E0122C5-F4BC-490D-B5DB-6431AC4844F5}.Release|Any CPU.ActiveCfg = Release|Any CPU
		{5E0122C5-F4BC-490D-B5DB-6431AC4844F5}.Release|Any CPU.Build.0 = Release|Any CPU
		{F275195F-D129-4681-8320-6359DEBB638D}.Debug|Any CPU.ActiveCfg = Debug|Any CPU
		{F275195F-D129-4681-8320-6359DEBB638D}.Debug|Any CPU.Build.0 = Debug|Any CPU
		{F275195F-D129-4681-8320-6359DEBB638D}.Release|Any CPU.ActiveCfg = Release|Any CPU
		{F275195F-D129-4681-8320-6359DEBB638D}.Release|Any CPU.Build.0 = Release|Any CPU
	EndGlobalSection
	GlobalSection(MonoDevelopProperties) = preSolution
		StartupItem = BSP\BSP.csproj
	EndGlobalSection
EndGlobal
