
Microsoft Visual Studio Solution File, Format Version 10.00
# Visual Studio 2008
Project("{FAE04EC0-301F-11D3-BF4B-00C04F79EFBC}") = "BSP.Test", "BSP.Test\BSP.Test.csproj", "{5E0122C5-F4BC-490D-B5DB-6431AC4844F5}"
EndProject
Project("{FAE04EC0-301F-11D3-BF4B-00C04F79EFBC}") = "WAD.Test", "WAD.Test\WAD.Test.csproj", "{C9B81921-279D-4B33-9E98-331DDB242C09}"
EndProject
Project("{FAE04EC0-301F-11D3-BF4B-00C04F79EFBC}") = "Verifier.Test", "Verifier.Test\Verifier.Test.csproj", "{1619A178-CF84-4BC7-9EBE-49E777E40DAA}"
EndProject
Project("{FAE04EC0-301F-11D3-BF4B-00C04F79EFBC}") = "HLTools", "HLTools\HLTools.csproj", "{E5D928F5-B095-48F2-A5D2-65D228CE320E}"
EndProject
Global
	GlobalSection(SolutionConfigurationPlatforms) = preSolution
		Debug|Any CPU = Debug|Any CPU
		Release|Any CPU = Release|Any CPU
	EndGlobalSection
	GlobalSection(ProjectConfigurationPlatforms) = postSolution
		{1619A178-CF84-4BC7-9EBE-49E777E40DAA}.Debug|Any CPU.ActiveCfg = Debug|Any CPU
		{1619A178-CF84-4BC7-9EBE-49E777E40DAA}.Debug|Any CPU.Build.0 = Debug|Any CPU
		{1619A178-CF84-4BC7-9EBE-49E777E40DAA}.Release|Any CPU.ActiveCfg = Release|Any CPU
		{1619A178-CF84-4BC7-9EBE-49E777E40DAA}.Release|Any CPU.Build.0 = Release|Any CPU
		{5E0122C5-F4BC-490D-B5DB-6431AC4844F5}.Debug|Any CPU.ActiveCfg = Debug|Any CPU
		{5E0122C5-F4BC-490D-B5DB-6431AC4844F5}.Debug|Any CPU.Build.0 = Debug|Any CPU
		{5E0122C5-F4BC-490D-B5DB-6431AC4844F5}.Release|Any CPU.ActiveCfg = Release|Any CPU
		{5E0122C5-F4BC-490D-B5DB-6431AC4844F5}.Release|Any CPU.Build.0 = Release|Any CPU
		{C9B81921-279D-4B33-9E98-331DDB242C09}.Debug|Any CPU.ActiveCfg = Debug|Any CPU
		{C9B81921-279D-4B33-9E98-331DDB242C09}.Debug|Any CPU.Build.0 = Debug|Any CPU
		{C9B81921-279D-4B33-9E98-331DDB242C09}.Release|Any CPU.ActiveCfg = Release|Any CPU
		{C9B81921-279D-4B33-9E98-331DDB242C09}.Release|Any CPU.Build.0 = Release|Any CPU
		{E5D928F5-B095-48F2-A5D2-65D228CE320E}.Debug|Any CPU.ActiveCfg = Debug|Any CPU
		{E5D928F5-B095-48F2-A5D2-65D228CE320E}.Debug|Any CPU.Build.0 = Debug|Any CPU
		{E5D928F5-B095-48F2-A5D2-65D228CE320E}.Release|Any CPU.ActiveCfg = Release|Any CPU
		{E5D928F5-B095-48F2-A5D2-65D228CE320E}.Release|Any CPU.Build.0 = Release|Any CPU
	EndGlobalSection
	GlobalSection(MonoDevelopProperties) = preSolution
		StartupItem = WAD.Test\WAD.Test.csproj
	EndGlobalSection
EndGlobal
